
Microsoft Visual Studio Solution File, Format Version 12.00
# Visual Studio Version 17
VisualStudioVersion = 17.6.33815.320
MinimumVisualStudioVersion = 10.0.40219.1
Project("{FAE04EC0-301F-11D3-BF4B-00C04F79EFBC}") = "XFormsAppTutorial.Android", "XFormsAppTutorial\XFormsAppTutorial.Android\XFormsAppTutorial.Android.csproj", "{BC90C185-F926-4291-9D1D-5BC8152BE7C6}"
EndProject
Project("{FAE04EC0-301F-11D3-BF4B-00C04F79EFBC}") = "XFormsAppTutorial.iOS", "XFormsAppTutorial\XFormsAppTutorial.iOS\XFormsAppTutorial.iOS.csproj", "{529A37AA-FD3B-427E-93E1-E9766FDE944F}"
EndProject
Project("{FAE04EC0-301F-11D3-BF4B-00C04F79EFBC}") = "XFormsAppTutorial", "XFormsAppTutorial\XFormsAppTutorial\XFormsAppTutorial.csproj", "{83D98A57-9ACD-4384-9402-F1CF60A22FC1}"
EndProject
Global
	GlobalSection(SolutionConfigurationPlatforms) = preSolution
		Debug|Any CPU = Debug|Any CPU
		Debug|iPhone = Debug|iPhone
		Debug|iPhoneSimulator = Debug|iPhoneSimulator
		Release|Any CPU = Release|Any CPU
		Release|iPhone = Release|iPhone
		Release|iPhoneSimulator = Release|iPhoneSimulator
	EndGlobalSection
	GlobalSection(ProjectConfigurationPlatforms) = postSolution
		{BC90C185-F926-4291-9D1D-5BC8152BE7C6}.Debug|Any CPU.ActiveCfg = Debug|Any CPU
		{BC90C185-F926-4291-9D1D-5BC8152BE7C6}.Debug|Any CPU.Build.0 = Debug|Any CPU
		{BC90C185-F926-4291-9D1D-5BC8152BE7C6}.Debug|Any CPU.Deploy.0 = Debug|Any CPU
		{BC90C185-F926-4291-9D1D-5BC8152BE7C6}.Debug|iPhone.ActiveCfg = Debug|Any CPU
		{BC90C185-F926-4291-9D1D-5BC8152BE7C6}.Debug|iPhone.Build.0 = Debug|Any CPU
		{BC90C185-F926-4291-9D1D-5BC8152BE7C6}.Debug|iPhone.Deploy.0 = Debug|Any CPU
		{BC90C185-F926-4291-9D1D-5BC8152BE7C6}.Debug|iPhoneSimulator.ActiveCfg = Debug|Any CPU
		{BC90C185-F926-4291-9D1D-5BC8152BE7C6}.Debug|iPhoneSimulator.Build.0 = Debug|Any CPU
		{BC90C185-F926-4291-9D1D-5BC8152BE7C6}.Debug|iPhoneSimulator.Deploy.0 = Debug|Any CPU
		{BC90C185-F926-4291-9D1D-5BC8152BE7C6}.Release|Any CPU.ActiveCfg = Release|Any CPU
		{BC90C185-F926-4291-9D1D-5BC8152BE7C6}.Release|Any CPU.Build.0 = Release|Any CPU
		{BC90C185-F926-4291-9D1D-5BC8152BE7C6}.Release|Any CPU.Deploy.0 = Release|Any CPU
		{BC90C185-F926-4291-9D1D-5BC8152BE7C6}.Release|iPhone.ActiveCfg = Release|Any CPU
		{BC90C185-F926-4291-9D1D-5BC8152BE7C6}.Release|iPhone.Build.0 = Release|Any CPU
		{BC90C185-F926-4291-9D1D-5BC8152BE7C6}.Release|iPhone.Deploy.0 = Release|Any CPU
		{BC90C185-F926-4291-9D1D-5BC8152BE7C6}.Release|iPhoneSimulator.ActiveCfg = Release|Any CPU
		{BC90C185-F926-4291-9D1D-5BC8152BE7C6}.Release|iPhoneSimulator.Build.0 = Release|Any CPU
		{BC90C185-F926-4291-9D1D-5BC8152BE7C6}.Release|iPhoneSimulator.Deploy.0 = Release|Any CPU
		{529A37AA-FD3B-427E-93E1-E9766FDE944F}.Debug|Any CPU.ActiveCfg = Debug|iPhone
		{529A37AA-FD3B-427E-93E1-E9766FDE944F}.Debug|Any CPU.Build.0 = Debug|iPhone
		{529A37AA-FD3B-427E-93E1-E9766FDE944F}.Debug|Any CPU.Deploy.0 = Debug|iPhone
		{529A37AA-FD3B-427E-93E1-E9766FDE944F}.Debug|iPhone.ActiveCfg = Debug|iPhone
		{529A37AA-FD3B-427E-93E1-E9766FDE944F}.Debug|iPhone.Build.0 = Debug|iPhone
		{529A37AA-FD3B-427E-93E1-E9766FDE944F}.Debug|iPhone.Deploy.0 = Debug|iPhone
		{529A37AA-FD3B-427E-93E1-E9766FDE944F}.Debug|iPhoneSimulator.ActiveCfg = Debug|iPhoneSimulator
		{529A37AA-FD3B-427E-93E1-E9766FDE944F}.Debug|iPhoneSimulator.Build.0 = Debug|iPhoneSimulator
		{529A37AA-FD3B-427E-93E1-E9766FDE944F}.Debug|iPhoneSimulator.Deploy.0 = Debug|iPhoneSimulator
		{529A37AA-FD3B-427E-93E1-E9766FDE944F}.Release|Any CPU.ActiveCfg = Release|iPhoneSimulator
		{529A37AA-FD3B-427E-93E1-E9766FDE944F}.Release|Any CPU.Build.0 = Release|iPhoneSimulator
		{529A37AA-FD3B-427E-93E1-E9766FDE944F}.Release|Any CPU.Deploy.0 = Release|iPhoneSimulator
		{529A37AA-FD3B-427E-93E1-E9766FDE944F}.Release|iPhone.ActiveCfg = Release|iPhone
		{529A37AA-FD3B-427E-93E1-E9766FDE944F}.Release|iPhone.Build.0 = Release|iPhone
		{529A37AA-FD3B-427E-93E1-E9766FDE944F}.Release|iPhone.Deploy.0 = Release|iPhone
		{529A37AA-FD3B-427E-93E1-E9766FDE944F}.Release|iPhoneSimulator.ActiveCfg = Release|iPhoneSimulator
		{529A37AA-FD3B-427E-93E1-E9766FDE944F}.Release|iPhoneSimulator.Build.0 = Release|iPhoneSimulator
		{529A37AA-FD3B-427E-93E1-E9766FDE944F}.Release|iPhoneSimulator.Deploy.0 = Release|iPhoneSimulator
		{83D98A57-9ACD-4384-9402-F1CF60A22FC1}.Debug|Any CPU.ActiveCfg = Debug|Any CPU
		{83D98A57-9ACD-4384-9402-F1CF60A22FC1}.Debug|Any CPU.Build.0 = Debug|Any CPU
		{83D98A57-9ACD-4384-9402-F1CF60A22FC1}.Debug|Any CPU.Deploy.0 = Debug|Any CPU
		{83D98A57-9ACD-4384-9402-F1CF60A22FC1}.Debug|iPhone.ActiveCfg = Debug|Any CPU
		{83D98A57-9ACD-4384-9402-F1CF60A22FC1}.Debug|iPhone.Build.0 = Debug|Any CPU
		{83D98A57-9ACD-4384-9402-F1CF60A22FC1}.Debug|iPhone.Deploy.0 = Debug|Any CPU
		{83D98A57-9ACD-4384-9402-F1CF60A22FC1}.Debug|iPhoneSimulator.ActiveCfg = Debug|Any CPU
		{83D98A57-9ACD-4384-9402-F1CF60A22FC1}.Debug|iPhoneSimulator.Build.0 = Debug|Any CPU
		{83D98A57-9ACD-4384-9402-F1CF60A22FC1}.Debug|iPhoneSimulator.Deploy.0 = Debug|Any CPU
		{83D98A57-9ACD-4384-9402-F1CF60A22FC1}.Release|Any CPU.ActiveCfg = Release|Any CPU
		{83D98A57-9ACD-4384-9402-F1CF60A22FC1}.Release|Any CPU.Build.0 = Release|Any CPU
		{83D98A57-9ACD-4384-9402-F1CF60A22FC1}.Release|Any CPU.Deploy.0 = Release|Any CPU
		{83D98A57-9ACD-4384-9402-F1CF60A22FC1}.Release|iPhone.ActiveCfg = Release|Any CPU
		{83D98A57-9ACD-4384-9402-F1CF60A22FC1}.Release|iPhone.Build.0 = Release|Any CPU
		{83D98A57-9ACD-4384-9402-F1CF60A22FC1}.Release|iPhone.Deploy.0 = Release|Any CPU
		{83D98A57-9ACD-4384-9402-F1CF60A22FC1}.Release|iPhoneSimulator.ActiveCfg = Release|Any CPU
		{83D98A57-9ACD-4384-9402-F1CF60A22FC1}.Release|iPhoneSimulator.Build.0 = Release|Any CPU
		{83D98A57-9ACD-4384-9402-F1CF60A22FC1}.Release|iPhoneSimulator.Deploy.0 = Release|Any CPU
	EndGlobalSection
	GlobalSection(SolutionProperties) = preSolution
		HideSolutionNode = FALSE
	EndGlobalSection
	GlobalSection(ExtensibilityGlobals) = postSolution
		SolutionGuid = {B3023CB2-7B37-45AB-AAF9-19D25DD8A3CF}
	EndGlobalSection
EndGlobal
